
Microsoft Visual Studio Solution File, Format Version 12.00
# Visual Studio 15
VisualStudioVersion = 15.0.28010.2016
MinimumVisualStudioVersion = 10.0.40219.1
Project("{FAE04EC0-301F-11D3-BF4B-00C04F79EFBC}") = "PlayingM3u8", "PlayingM3u8\PlayingM3u8.csproj", "{D29C8B8D-4947-4747-B014-295DEF8980FA}"
EndProject
Global
	GlobalSection(SolutionConfigurationPlatforms) = preSolution
		Debug|Any CPU = Debug|Any CPU
		Release|Any CPU = Release|Any CPU
	EndGlobalSection
	GlobalSection(ProjectConfigurationPlatforms) = postSolution
		{D29C8B8D-4947-4747-B014-295DEF8980FA}.Debug|Any CPU.ActiveCfg = Debug|Any CPU
		{D29C8B8D-4947-4747-B014-295DEF8980FA}.Debug|Any CPU.Build.0 = Debug|Any CPU
		{D29C8B8D-4947-4747-B014-295DEF8980FA}.Release|Any CPU.ActiveCfg = Release|Any CPU
		{D29C8B8D-4947-4747-B014-295DEF8980FA}.Release|Any CPU.Build.0 = Release|Any CPU
	EndGlobalSection
	GlobalSection(SolutionProperties) = preSolution
		HideSolutionNode = FALSE
	EndGlobalSection
	GlobalSection(ExtensibilityGlobals) = postSolution
		SolutionGuid = {7B9F47B9-A220-4A93-9913-E7A6FF7B0DCC}
	EndGlobalSection
EndGlobal
